
Microsoft Visual Studio Solution File, Format Version 12.00
# Visual Studio Version 16
VisualStudioVersion = 16.0.32413.511
MinimumVisualStudioVersion = 10.0.40219.1
Project("{FAE04EC0-301F-11D3-BF4B-00C04F79EFBC}") = "ProjectGalaxy", "ProjectGalaxy\ProjectGalaxy.csproj", "{94B393C3-3369-409A-9D00-E8A7DE1BBDD5}"
EndProject
Global
	GlobalSection(SolutionConfigurationPlatforms) = preSolution
		Debug|Any CPU = Debug|Any CPU
		Release|Any CPU = Release|Any CPU
	EndGlobalSection
	GlobalSection(ProjectConfigurationPlatforms) = postSolution
		{94B393C3-3369-409A-9D00-E8A7DE1BBDD5}.Debug|Any CPU.ActiveCfg = Debug|Any CPU
		{94B393C3-3369-409A-9D00-E8A7DE1BBDD5}.Debug|Any CPU.Build.0 = Debug|Any CPU
		{94B393C3-3369-409A-9D00-E8A7DE1BBDD5}.Release|Any CPU.ActiveCfg = Release|Any CPU
		{94B393C3-3369-409A-9D00-E8A7DE1BBDD5}.Release|Any CPU.Build.0 = Release|Any CPU
	EndGlobalSection
	GlobalSection(SolutionProperties) = preSolution
		HideSolutionNode = FALSE
	EndGlobalSection
	GlobalSection(ExtensibilityGlobals) = postSolution
		SolutionGuid = {0C04731C-ECE7-408A-A676-508ADE3BB66D}
	EndGlobalSection
EndGlobal
